// !$*UTF8*$!
{
	archiveVersion = 1;
	classes = {
	};
	objectVersion = 46;
	objects = {

/* Begin PBXBuildFile section */
		3B647F09ADC40B026F444150 /* Pods_Sample.framework in Frameworks */ = {isa = PBXBuildFile; fileRef = 89314C69AF643E4181F45686 /* Pods_Sample.framework */; };
		8B1619B51E3FA7B300866079 /* ResizingImageView.swift in Sources */ = {isa = PBXBuildFile; fileRef = 8B1619B41E3FA7B300866079 /* ResizingImageView.swift */; };
		8BAF2A9D1E3EB73400A13C9F /* PinterestLayout.swift in Sources */ = {isa = PBXBuildFile; fileRef = 8BAF2A9C1E3EB73400A13C9F /* PinterestLayout.swift */; };
		8BAF2A9F1E3EBC8800A13C9F /* Item.swift in Sources */ = {isa = PBXBuildFile; fileRef = 8BAF2A9E1E3EBC8800A13C9F /* Item.swift */; };
		8BAF2AA11E3EC0A200A13C9F /* Cell.swift in Sources */ = {isa = PBXBuildFile; fileRef = 8BAF2AA01E3EC0A200A13C9F /* Cell.swift */; };
		8BAF2AA31E3EC5CE00A13C9F /* Cell.xib in Resources */ = {isa = PBXBuildFile; fileRef = 8BAF2AA21E3EC5CE00A13C9F /* Cell.xib */; };
		8BD9FDCB1E3C1950004BF036 /* AppDelegate.swift in Sources */ = {isa = PBXBuildFile; fileRef = 8BD9FDCA1E3C1950004BF036 /* AppDelegate.swift */; };
		8BD9FDCD1E3C1950004BF036 /* ViewController.swift in Sources */ = {isa = PBXBuildFile; fileRef = 8BD9FDCC1E3C1950004BF036 /* ViewController.swift */; };
		8BD9FDD01E3C1950004BF036 /* Main.storyboard in Resources */ = {isa = PBXBuildFile; fileRef = 8BD9FDCE1E3C1950004BF036 /* Main.storyboard */; };
		8BD9FDD21E3C1950004BF036 /* Assets.xcassets in Resources */ = {isa = PBXBuildFile; fileRef = 8BD9FDD11E3C1950004BF036 /* Assets.xcassets */; };
		8BD9FDD51E3C1950004BF036 /* LaunchScreen.storyboard in Resources */ = {isa = PBXBuildFile; fileRef = 8BD9FDD31E3C1950004BF036 /* LaunchScreen.storyboard */; };
/* End PBXBuildFile section */

/* Begin PBXFileReference section */
		62BEEB66576A506EC1176B9A /* Pods-Sample.release.xcconfig */ = {isa = PBXFileReference; includeInIndex = 1; lastKnownFileType = text.xcconfig; name = "Pods-Sample.release.xcconfig"; path = "Pods/Target Support Files/Pods-Sample/Pods-Sample.release.xcconfig"; sourceTree = "<group>"; };
		7F4536CFAE7F12909BA29DA9 /* Pods-Sample.debug.xcconfig */ = {isa = PBXFileReference; includeInIndex = 1; lastKnownFileType = text.xcconfig; name = "Pods-Sample.debug.xcconfig"; path = "Pods/Target Support Files/Pods-Sample/Pods-Sample.debug.xcconfig"; sourceTree = "<group>"; };
		89314C69AF643E4181F45686 /* Pods_Sample.framework */ = {isa = PBXFileReference; explicitFileType = wrapper.framework; includeInIndex = 0; path = Pods_Sample.framework; sourceTree = BUILT_PRODUCTS_DIR; };
		8B1619B41E3FA7B300866079 /* ResizingImageView.swift */ = {isa = PBXFileReference; fileEncoding = 4; lastKnownFileType = sourcecode.swift; path = ResizingImageView.swift; sourceTree = "<group>"; };
		8BAF2A9C1E3EB73400A13C9F /* PinterestLayout.swift */ = {isa = PBXFileReference; fileEncoding = 4; lastKnownFileType = sourcecode.swift; path = PinterestLayout.swift; sourceTree = "<group>"; };
		8BAF2A9E1E3EBC8800A13C9F /* Item.swift */ = {isa = PBXFileReference; fileEncoding = 4; lastKnownFileType = sourcecode.swift; path = Item.swift; sourceTree = "<group>"; };
		8BAF2AA01E3EC0A200A13C9F /* Cell.swift */ = {isa = PBXFileReference; fileEncoding = 4; lastKnownFileType = sourcecode.swift; path = Cell.swift; sourceTree = "<group>"; };
		8BAF2AA21E3EC5CE00A13C9F /* Cell.xib */ = {isa = PBXFileReference; fileEncoding = 4; lastKnownFileType = file.xib; path = Cell.xib; sourceTree = "<group>"; };
		8BD9FDC71E3C1950004BF036 /* Sample.app */ = {isa = PBXFileReference; explicitFileType = wrapper.application; includeInIndex = 0; path = Sample.app; sourceTree = BUILT_PRODUCTS_DIR; };
		8BD9FDCA1E3C1950004BF036 /* AppDelegate.swift */ = {isa = PBXFileReference; lastKnownFileType = sourcecode.swift; path = AppDelegate.swift; sourceTree = "<group>"; };
		8BD9FDCC1E3C1950004BF036 /* ViewController.swift */ = {isa = PBXFileReference; lastKnownFileType = sourcecode.swift; path = ViewController.swift; sourceTree = "<group>"; };
		8BD9FDCF1E3C1950004BF036 /* Base */ = {isa = PBXFileReference; lastKnownFileType = file.storyboard; name = Base; path = Base.lproj/Main.storyboard; sourceTree = "<group>"; };
		8BD9FDD11E3C1950004BF036 /* Assets.xcassets */ = {isa = PBXFileReference; lastKnownFileType = folder.assetcatalog; path = Assets.xcassets; sourceTree = "<group>"; };
		8BD9FDD41E3C1950004BF036 /* Base */ = {isa = PBXFileReference; lastKnownFileType = file.storyboard; name = Base; path = Base.lproj/LaunchScreen.storyboard; sourceTree = "<group>"; };
		8BD9FDD61E3C1950004BF036 /* Info.plist */ = {isa = PBXFileReference; lastKnownFileType = text.plist.xml; path = Info.plist; sourceTree = "<group>"; };
/* End PBXFileReference section */

/* Begin PBXFrameworksBuildPhase section */
		8BD9FDC41E3C1950004BF036 /* Frameworks */ = {
			isa = PBXFrameworksBuildPhase;
			buildActionMask = 2147483647;
			files = (
				3B647F09ADC40B026F444150 /* Pods_Sample.framework in Frameworks */,
			);
			runOnlyForDeploymentPostprocessing = 0;
		};
/* End PBXFrameworksBuildPhase section */

/* Begin PBXGroup section */
		07E0533784F6407590395ED9 /* Pods */ = {
			isa = PBXGroup;
			children = (
				7F4536CFAE7F12909BA29DA9 /* Pods-Sample.debug.xcconfig */,
				62BEEB66576A506EC1176B9A /* Pods-Sample.release.xcconfig */,
			);
			name = Pods;
			sourceTree = "<group>";
		};
		8BD9FDBE1E3C1950004BF036 = {
			isa = PBXGroup;
			children = (
				8BD9FDC91E3C1950004BF036 /* Sample */,
				8BD9FDC81E3C1950004BF036 /* Products */,
				07E0533784F6407590395ED9 /* Pods */,
				BD3B7F90819FE3535F8D6426 /* Frameworks */,
			);
			sourceTree = "<group>";
		};
		8BD9FDC81E3C1950004BF036 /* Products */ = {
			isa = PBXGroup;
			children = (
				8BD9FDC71E3C1950004BF036 /* Sample.app */,
			);
			name = Products;
			sourceTree = "<group>";
		};
		8BD9FDC91E3C1950004BF036 /* Sample */ = {
			isa = PBXGroup;
			children = (
				8BD9FDCA1E3C1950004BF036 /* AppDelegate.swift */,
				8BD9FDCC1E3C1950004BF036 /* ViewController.swift */,
				8BAF2A9C1E3EB73400A13C9F /* PinterestLayout.swift */,
				8BAF2A9E1E3EBC8800A13C9F /* Item.swift */,
				8B1619B41E3FA7B300866079 /* ResizingImageView.swift */,
				8BAF2AA01E3EC0A200A13C9F /* Cell.swift */,
				8BAF2AA21E3EC5CE00A13C9F /* Cell.xib */,
				8BD9FDCE1E3C1950004BF036 /* Main.storyboard */,
				8BD9FDD11E3C1950004BF036 /* Assets.xcassets */,
				8BD9FDD31E3C1950004BF036 /* LaunchScreen.storyboard */,
				8BD9FDD61E3C1950004BF036 /* Info.plist */,
			);
			path = Sample;
			sourceTree = "<group>";
		};
		BD3B7F90819FE3535F8D6426 /* Frameworks */ = {
			isa = PBXGroup;
			children = (
				89314C69AF643E4181F45686 /* Pods_Sample.framework */,
			);
			name = Frameworks;
			sourceTree = "<group>";
		};
/* End PBXGroup section */

/* Begin PBXNativeTarget section */
		8BD9FDC61E3C1950004BF036 /* Sample */ = {
			isa = PBXNativeTarget;
			buildConfigurationList = 8BD9FDD91E3C1950004BF036 /* Build configuration list for PBXNativeTarget "Sample" */;
			buildPhases = (
				96CD9BA2CE625E4D111E5FAA /* [CP] Check Pods Manifest.lock */,
				8BD9FDC31E3C1950004BF036 /* Sources */,
				8BD9FDC41E3C1950004BF036 /* Frameworks */,
				8BD9FDC51E3C1950004BF036 /* Resources */,
				789F7083211BCBF71E3F4C82 /* [CP] Embed Pods Frameworks */,
				E5D15B1E437C969021964D82 /* [CP] Copy Pods Resources */,
			);
			buildRules = (
			);
			dependencies = (
			);
			name = Sample;
			productName = Sample;
			productReference = 8BD9FDC71E3C1950004BF036 /* Sample.app */;
			productType = "com.apple.product-type.application";
		};
/* End PBXNativeTarget section */

/* Begin PBXProject section */
		8BD9FDBF1E3C1950004BF036 /* Project object */ = {
			isa = PBXProject;
			attributes = {
				LastSwiftUpdateCheck = 0820;
				LastUpgradeCheck = 0820;
				ORGANIZATIONNAME = "Lasha Efremidze";
				TargetAttributes = {
					8BD9FDC61E3C1950004BF036 = {
						CreatedOnToolsVersion = 8.2;
						ProvisioningStyle = Automatic;
					};
				};
			};
			buildConfigurationList = 8BD9FDC21E3C1950004BF036 /* Build configuration list for PBXProject "Sample" */;
			compatibilityVersion = "Xcode 3.2";
			developmentRegion = English;
			hasScannedForEncodings = 0;
			knownRegions = (
				en,
				Base,
			);
			mainGroup = 8BD9FDBE1E3C1950004BF036;
			productRefGroup = 8BD9FDC81E3C1950004BF036 /* Products */;
			projectDirPath = "";
			projectRoot = "";
			targets = (
				8BD9FDC61E3C1950004BF036 /* Sample */,
			);
		};
/* End PBXProject section */

/* Begin PBXResourcesBuildPhase section */
		8BD9FDC51E3C1950004BF036 /* Resources */ = {
			isa = PBXResourcesBuildPhase;
			buildActionMask = 2147483647;
			files = (
				8BD9FDD51E3C1950004BF036 /* LaunchScreen.storyboard in Resources */,
				8BAF2AA31E3EC5CE00A13C9F /* Cell.xib in Resources */,
				8BD9FDD21E3C1950004BF036 /* Assets.xcassets in Resources */,
				8BD9FDD01E3C1950004BF036 /* Main.storyboard in Resources */,
			);
			runOnlyForDeploymentPostprocessing = 0;
		};
/* End PBXResourcesBuildPhase section */

/* Begin PBXShellScriptBuildPhase section */
		789F7083211BCBF71E3F4C82 /* [CP] Embed Pods Frameworks */ = {
			isa = PBXShellScriptBuildPhase;
			buildActionMask = 2147483647;
			files = (
			);
			inputPaths = (
			);
			name = "[CP] Embed Pods Frameworks";
			outputPaths = (
			);
			runOnlyForDeploymentPostprocessing = 0;
			shellPath = /bin/sh;
			shellScript = "\"${SRCROOT}/Pods/Target Support Files/Pods-Sample/Pods-Sample-frameworks.sh\"\n";
			showEnvVarsInLog = 0;
		};
		96CD9BA2CE625E4D111E5FAA /* [CP] Check Pods Manifest.lock */ = {
			isa = PBXShellScriptBuildPhase;
			buildActionMask = 2147483647;
			files = (
			);
			inputPaths = (
			);
			name = "[CP] Check Pods Manifest.lock";
			outputPaths = (
			);
			runOnlyForDeploymentPostprocessing = 0;
			shellPath = /bin/sh;
			shellScript = "diff \"${PODS_ROOT}/../Podfile.lock\" \"${PODS_ROOT}/Manifest.lock\" > /dev/null\nif [ $? != 0 ] ; then\n    # print error to STDERR\n    echo \"error: The sandbox is not in sync with the Podfile.lock. Run 'pod install' or update your CocoaPods installation.\" >&2\n    exit 1\nfi\n";
			showEnvVarsInLog = 0;
		};
		E5D15B1E437C969021964D82 /* [CP] Copy Pods Resources */ = {
			isa = PBXShellScriptBuildPhase;
			buildActionMask = 2147483647;
			files = (
			);
			inputPaths = (
			);
			name = "[CP] Copy Pods Resources";
			outputPaths = (
			);
			runOnlyForDeploymentPostprocessing = 0;
			shellPath = /bin/sh;
			shellScript = "\"${SRCROOT}/Pods/Target Support Files/Pods-Sample/Pods-Sample-resources.sh\"\n";
			showEnvVarsInLog = 0;
		};
/* End PBXShellScriptBuildPhase section */

/* Begin PBXSourcesBuildPhase section */
		8BD9FDC31E3C1950004BF036 /* Sources */ = {
			isa = PBXSourcesBuildPhase;
			buildActionMask = 2147483647;
			files = (
				8BAF2A9F1E3EBC8800A13C9F /* Item.swift in Sources */,
				8BAF2A9D1E3EB73400A13C9F /* PinterestLayout.swift in Sources */,
				8BAF2AA11E3EC0A200A13C9F /* Cell.swift in Sources */,
				8B1619B51E3FA7B300866079 /* ResizingImageView.swift in Sources */,
				8BD9FDCD1E3C1950004BF036 /* ViewController.swift in Sources */,
				8BD9FDCB1E3C1950004BF036 /* AppDelegate.swift in Sources */,
			);
			runOnlyForDeploymentPostprocessing = 0;
		};
/* End PBXSourcesBuildPhase section */

/* Begin PBXVariantGroup section */
		8BD9FDCE1E3C1950004BF036 /* Main.storyboard */ = {
			isa = PBXVariantGroup;
			children = (
				8BD9FDCF1E3C1950004BF036 /* Base */,
			);
			name = Main.storyboard;
			sourceTree = "<group>";
		};
		8BD9FDD31E3C1950004BF036 /* LaunchScreen.storyboard */ = {
			isa = PBXVariantGroup;
			children = (
				8BD9FDD41E3C1950004BF036 /* Base */,
			);
			name = LaunchScreen.storyboard;
			sourceTree = "<group>";
		};
/* End PBXVariantGroup section */

/* Begin XCBuildConfiguration section */
		8BD9FDD71E3C1950004BF036 /* Debug */ = {
			isa = XCBuildConfiguration;
			buildSettings = {
				ALWAYS_SEARCH_USER_PATHS = NO;
				CLANG_ANALYZER_NONNULL = YES;
				CLANG_CXX_LANGUAGE_STANDARD = "gnu++0x";
				CLANG_CXX_LIBRARY = "libc++";
				CLANG_ENABLE_MODULES = YES;
				CLANG_ENABLE_OBJC_ARC = YES;
				CLANG_WARN_BOOL_CONVERSION = YES;
				CLANG_WARN_CONSTANT_CONVERSION = YES;
				CLANG_WARN_DIRECT_OBJC_ISA_USAGE = YES_ERROR;
				CLANG_WARN_DOCUMENTATION_COMMENTS = YES;
				CLANG_WARN_EMPTY_BODY = YES;
				CLANG_WARN_ENUM_CONVERSION = YES;
				CLANG_WARN_INFINITE_RECURSION = YES;
				CLANG_WARN_INT_CONVERSION = YES;
				CLANG_WARN_OBJC_ROOT_CLASS = YES_ERROR;
				CLANG_WARN_SUSPICIOUS_MOVE = YES;
				CLANG_WARN_UNREACHABLE_CODE = YES;
				CLANG_WARN__DUPLICATE_METHOD_MATCH = YES;
				"CODE_SIGN_IDENTITY[sdk=iphoneos*]" = "iPhone Developer";
				COPY_PHASE_STRIP = NO;
				DEBUG_INFORMATION_FORMAT = dwarf;
				ENABLE_STRICT_OBJC_MSGSEND = YES;
				ENABLE_TESTABILITY = YES;
				GCC_C_LANGUAGE_STANDARD = gnu99;
				GCC_DYNAMIC_NO_PIC = NO;
				GCC_NO_COMMON_BLOCKS = YES;
				GCC_OPTIMIZATION_LEVEL = 0;
				GCC_PREPROCESSOR_DEFINITIONS = (
					"DEBUG=1",
					"$(inherited)",
				);
				GCC_WARN_64_TO_32_BIT_CONVERSION = YES;
				GCC_WARN_ABOUT_RETURN_TYPE = YES_ERROR;
				GCC_WARN_UNDECLARED_SELECTOR = YES;
				GCC_WARN_UNINITIALIZED_AUTOS = YES_AGGRESSIVE;
				GCC_WARN_UNUSED_FUNCTION = YES;
				GCC_WARN_UNUSED_VARIABLE = YES;
				IPHONEOS_DEPLOYMENT_TARGET = 10.2;
				MTL_ENABLE_DEBUG_INFO = YES;
				ONLY_ACTIVE_ARCH = YES;
				SDKROOT = iphoneos;
				SWIFT_ACTIVE_COMPILATION_CONDITIONS = DEBUG;
				SWIFT_OPTIMIZATION_LEVEL = "-Onone";
				TARGETED_DEVICE_FAMILY = "1,2";
			};
			name = Debug;
		};
		8BD9FDD81E3C1950004BF036 /* Release */ = {
			isa = XCBuildConfiguration;
			buildSettings = {
				ALWAYS_SEARCH_USER_PATHS = NO;
				CLANG_ANALYZER_NONNULL = YES;
				CLANG_CXX_LANGUAGE_STANDARD = "gnu++0x";
				CLANG_CXX_LIBRARY = "libc++";
				CLANG_ENABLE_MODULES = YES;
				CLANG_ENABLE_OBJC_ARC = YES;
				CLANG_WARN_BOOL_CONVERSION = YES;
				CLANG_WARN_CONSTANT_CONVERSION = YES;
				CLANG_WARN_DIRECT_OBJC_ISA_USAGE = YES_ERROR;
				CLANG_WARN_DOCUMENTATION_COMMENTS = YES;
				CLANG_WARN_EMPTY_BODY = YES;
				CLANG_WARN_ENUM_CONVERSION = YES;
				CLANG_WARN_INFINITE_RECURSION = YES;
				CLANG_WARN_INT_CONVERSION = YES;
				CLANG_WARN_OBJC_ROOT_CLASS = YES_ERROR;
				CLANG_WARN_SUSPICIOUS_MOVE = YES;
				CLANG_WARN_UNREACHABLE_CODE = YES;
				CLANG_WARN__DUPLICATE_METHOD_MATCH = YES;
				"CODE_SIGN_IDENTITY[sdk=iphoneos*]" = "iPhone Developer";
				COPY_PHASE_STRIP = NO;
				DEBUG_INFORMATION_FORMAT = "dwarf-with-dsym";
				ENABLE_NS_ASSERTIONS = NO;
				ENABLE_STRICT_OBJC_MSGSEND = YES;
				GCC_C_LANGUAGE_STANDARD = gnu99;
				GCC_NO_COMMON_BLOCKS = YES;
				GCC_WARN_64_TO_32_BIT_CONVERSION = YES;
				GCC_WARN_ABOUT_RETURN_TYPE = YES_ERROR;
				GCC_WARN_UNDECLARED_SELECTOR = YES;
				GCC_WARN_UNINITIALIZED_AUTOS = YES_AGGRESSIVE;
				GCC_WARN_UNUSED_FUNCTION = YES;
				GCC_WARN_UNUSED_VARIABLE = YES;
				IPHONEOS_DEPLOYMENT_TARGET = 10.2;
				MTL_ENABLE_DEBUG_INFO = NO;
				SDKROOT = iphoneos;
				SWIFT_OPTIMIZATION_LEVEL = "-Owholemodule";
				TARGETED_DEVICE_FAMILY = "1,2";
				VALIDATE_PRODUCT = YES;
			};
			name = Release;
		};
		8BD9FDDA1E3C1950004BF036 /* Debug */ = {
			isa = XCBuildConfiguration;
			baseConfigurationReference = 7F4536CFAE7F12909BA29DA9 /* Pods-Sample.debug.xcconfig */;
			buildSettings = {
				ASSETCATALOG_COMPILER_APPICON_NAME = AppIcon;
				INFOPLIST_FILE = Sample/Info.plist;
				LD_RUNPATH_SEARCH_PATHS = "$(inherited) @executable_path/Frameworks";
				PRODUCT_BUNDLE_IDENTIFIER = com.efremidze.Sample;
				PRODUCT_NAME = "$(TARGET_NAME)";
				SWIFT_VERSION = 3.0;
			};
			name = Debug;
		};
		8BD9FDDB1E3C1950004BF036 /* Release */ = {
			isa = XCBuildConfiguration;
			baseConfigurationReference = 62BEEB66576A506EC1176B9A /* Pods-Sample.release.xcconfig */;
			buildSettings = {
				ASSETCATALOG_COMPILER_APPICON_NAME = AppIcon;
				INFOPLIST_FILE = Sample/Info.plist;
				LD_RUNPATH_SEARCH_PATHS = "$(inherited) @executable_path/Frameworks";
				PRODUCT_BUNDLE_IDENTIFIER = com.efremidze.Sample;
				PRODUCT_NAME = "$(TARGET_NAME)";
				SWIFT_VERSION = 3.0;
			};
			name = Release;
		};
/* End XCBuildConfiguration section */

/* Begin XCConfigurationList section */
		8BD9FDC21E3C1950004BF036 /* Build configuration list for PBXProject "Sample" */ = {
			isa = XCConfigurationList;
			buildConfigurations = (
				8BD9FDD71E3C1950004BF036 /* Debug */,
				8BD9FDD81E3C1950004BF036 /* Release */,
			);
			defaultConfigurationIsVisible = 0;
			defaultConfigurationName = Release;
		};
		8BD9FDD91E3C1950004BF036 /* Build configuration list for PBXNativeTarget "Sample" */ = {
			isa = XCConfigurationList;
			buildConfigurations = (
				8BD9FDDA1E3C1950004BF036 /* Debug */,
				8BD9FDDB1E3C1950004BF036 /* Release */,
			);
			defaultConfigurationIsVisible = 0;
			defaultConfigurationName = Release;
		};
/* End XCConfigurationList section */
	};
	rootObject = 8BD9FDBF1E3C1950004BF036 /* Project object */;
}
