// !$*UTF8*$!
{
	archiveVersion = 1;
	classes = {
	};
	objectVersion = 46;
	objects = {

/* Begin PBXBuildFile section */
		8BC649EA1E2DBA8200656773 /* AppDelegate.swift in Sources */ = {isa = PBXBuildFile; fileRef = 8BC649E91E2DBA8200656773 /* AppDelegate.swift */; };
		8BC649EC1E2DBA8200656773 /* ViewController.swift in Sources */ = {isa = PBXBuildFile; fileRef = 8BC649EB1E2DBA8200656773 /* ViewController.swift */; };
		8BC649EF1E2DBA8200656773 /* Main.storyboard in Resources */ = {isa = PBXBuildFile; fileRef = 8BC649ED1E2DBA8200656773 /* Main.storyboard */; };
		8BC649F11E2DBA8200656773 /* Assets.xcassets in Resources */ = {isa = PBXBuildFile; fileRef = 8BC649F01E2DBA8200656773 /* Assets.xcassets */; };
		8BC649F41E2DBA8200656773 /* LaunchScreen.storyboard in Resources */ = {isa = PBXBuildFile; fileRef = 8BC649F21E2DBA8200656773 /* LaunchScreen.storyboard */; };
		8BC649FD1E2DBAEE00656773 /* NotificationView.swift in Sources */ = {isa = PBXBuildFile; fileRef = 8BC649FB1E2DBAEE00656773 /* NotificationView.swift */; };
		8BC649FE1E2DBAEE00656773 /* NotificationView.xib in Resources */ = {isa = PBXBuildFile; fileRef = 8BC649FC1E2DBAEE00656773 /* NotificationView.xib */; };
		8BC64A001E2DBBFF00656773 /* UIGestureRecognizerExtensions.swift in Sources */ = {isa = PBXBuildFile; fileRef = 8BC649FF1E2DBBFF00656773 /* UIGestureRecognizerExtensions.swift */; };
/* End PBXBuildFile section */

/* Begin PBXFileReference section */
		8BC649E61E2DBA8200656773 /* Sample.app */ = {isa = PBXFileReference; explicitFileType = wrapper.application; includeInIndex = 0; path = Sample.app; sourceTree = BUILT_PRODUCTS_DIR; };
		8BC649E91E2DBA8200656773 /* AppDelegate.swift */ = {isa = PBXFileReference; lastKnownFileType = sourcecode.swift; path = AppDelegate.swift; sourceTree = "<group>"; };
		8BC649EB1E2DBA8200656773 /* ViewController.swift */ = {isa = PBXFileReference; lastKnownFileType = sourcecode.swift; path = ViewController.swift; sourceTree = "<group>"; };
		8BC649EE1E2DBA8200656773 /* Base */ = {isa = PBXFileReference; lastKnownFileType = file.storyboard; name = Base; path = Base.lproj/Main.storyboard; sourceTree = "<group>"; };
		8BC649F01E2DBA8200656773 /* Assets.xcassets */ = {isa = PBXFileReference; lastKnownFileType = folder.assetcatalog; path = Assets.xcassets; sourceTree = "<group>"; };
		8BC649F31E2DBA8200656773 /* Base */ = {isa = PBXFileReference; lastKnownFileType = file.storyboard; name = Base; path = Base.lproj/LaunchScreen.storyboard; sourceTree = "<group>"; };
		8BC649F51E2DBA8200656773 /* Info.plist */ = {isa = PBXFileReference; lastKnownFileType = text.plist.xml; path = Info.plist; sourceTree = "<group>"; };
		8BC649FB1E2DBAEE00656773 /* NotificationView.swift */ = {isa = PBXFileReference; fileEncoding = 4; lastKnownFileType = sourcecode.swift; path = NotificationView.swift; sourceTree = "<group>"; };
		8BC649FC1E2DBAEE00656773 /* NotificationView.xib */ = {isa = PBXFileReference; fileEncoding = 4; lastKnownFileType = file.xib; path = NotificationView.xib; sourceTree = "<group>"; };
		8BC649FF1E2DBBFF00656773 /* UIGestureRecognizerExtensions.swift */ = {isa = PBXFileReference; fileEncoding = 4; lastKnownFileType = sourcecode.swift; path = UIGestureRecognizerExtensions.swift; sourceTree = "<group>"; };
/* End PBXFileReference section */

/* Begin PBXFrameworksBuildPhase section */
		8BC649E31E2DBA8200656773 /* Frameworks */ = {
			isa = PBXFrameworksBuildPhase;
			buildActionMask = 2147483647;
			files = (
			);
			runOnlyForDeploymentPostprocessing = 0;
		};
/* End PBXFrameworksBuildPhase section */

/* Begin PBXGroup section */
		8BC649DD1E2DBA8200656773 = {
			isa = PBXGroup;
			children = (
				8BC649E81E2DBA8200656773 /* Sample */,
				8BC649E71E2DBA8200656773 /* Products */,
			);
			sourceTree = "<group>";
		};
		8BC649E71E2DBA8200656773 /* Products */ = {
			isa = PBXGroup;
			children = (
				8BC649E61E2DBA8200656773 /* Sample.app */,
			);
			name = Products;
			sourceTree = "<group>";
		};
		8BC649E81E2DBA8200656773 /* Sample */ = {
			isa = PBXGroup;
			children = (
				8BC649FF1E2DBBFF00656773 /* UIGestureRecognizerExtensions.swift */,
				8BC649E91E2DBA8200656773 /* AppDelegate.swift */,
				8BC649EB1E2DBA8200656773 /* ViewController.swift */,
				8BC649FB1E2DBAEE00656773 /* NotificationView.swift */,
				8BC649FC1E2DBAEE00656773 /* NotificationView.xib */,
				8BC649ED1E2DBA8200656773 /* Main.storyboard */,
				8BC649F01E2DBA8200656773 /* Assets.xcassets */,
				8BC649F21E2DBA8200656773 /* LaunchScreen.storyboard */,
				8BC649F51E2DBA8200656773 /* Info.plist */,
			);
			path = Sample;
			sourceTree = "<group>";
		};
/* End PBXGroup section */

/* Begin PBXNativeTarget section */
		8BC649E51E2DBA8200656773 /* Sample */ = {
			isa = PBXNativeTarget;
			buildConfigurationList = 8BC649F81E2DBA8200656773 /* Build configuration list for PBXNativeTarget "Sample" */;
			buildPhases = (
				8BC649E21E2DBA8200656773 /* Sources */,
				8BC649E31E2DBA8200656773 /* Frameworks */,
				8BC649E41E2DBA8200656773 /* Resources */,
			);
			buildRules = (
			);
			dependencies = (
			);
			name = Sample;
			productName = Sample;
			productReference = 8BC649E61E2DBA8200656773 /* Sample.app */;
			productType = "com.apple.product-type.application";
		};
/* End PBXNativeTarget section */

/* Begin PBXProject section */
		8BC649DE1E2DBA8200656773 /* Project object */ = {
			isa = PBXProject;
			attributes = {
				LastSwiftUpdateCheck = 0820;
				LastUpgradeCheck = 0820;
				ORGANIZATIONNAME = "Lasha Efremidze";
				TargetAttributes = {
					8BC649E51E2DBA8200656773 = {
						CreatedOnToolsVersion = 8.2;
						DevelopmentTeam = NNRNHY2N8B;
						LastSwiftMigration = 0820;
						ProvisioningStyle = Automatic;
					};
				};
			};
			buildConfigurationList = 8BC649E11E2DBA8200656773 /* Build configuration list for PBXProject "Sample" */;
			compatibilityVersion = "Xcode 3.2";
			developmentRegion = English;
			hasScannedForEncodings = 0;
			knownRegions = (
				en,
				Base,
			);
			mainGroup = 8BC649DD1E2DBA8200656773;
			productRefGroup = 8BC649E71E2DBA8200656773 /* Products */;
			projectDirPath = "";
			projectRoot = "";
			targets = (
				8BC649E51E2DBA8200656773 /* Sample */,
			);
		};
/* End PBXProject section */

/* Begin PBXResourcesBuildPhase section */
		8BC649E41E2DBA8200656773 /* Resources */ = {
			isa = PBXResourcesBuildPhase;
			buildActionMask = 2147483647;
			files = (
				8BC649F41E2DBA8200656773 /* LaunchScreen.storyboard in Resources */,
				8BC649F11E2DBA8200656773 /* Assets.xcassets in Resources */,
				8BC649EF1E2DBA8200656773 /* Main.storyboard in Resources */,
				8BC649FE1E2DBAEE00656773 /* NotificationView.xib in Resources */,
			);
			runOnlyForDeploymentPostprocessing = 0;
		};
/* End PBXResourcesBuildPhase section */

/* Begin PBXSourcesBuildPhase section */
		8BC649E21E2DBA8200656773 /* Sources */ = {
			isa = PBXSourcesBuildPhase;
			buildActionMask = 2147483647;
			files = (
				8BC649EC1E2DBA8200656773 /* ViewController.swift in Sources */,
				8BC649EA1E2DBA8200656773 /* AppDelegate.swift in Sources */,
				8BC649FD1E2DBAEE00656773 /* NotificationView.swift in Sources */,
				8BC64A001E2DBBFF00656773 /* UIGestureRecognizerExtensions.swift in Sources */,
			);
			runOnlyForDeploymentPostprocessing = 0;
		};
/* End PBXSourcesBuildPhase section */

/* Begin PBXVariantGroup section */
		8BC649ED1E2DBA8200656773 /* Main.storyboard */ = {
			isa = PBXVariantGroup;
			children = (
				8BC649EE1E2DBA8200656773 /* Base */,
			);
			name = Main.storyboard;
			sourceTree = "<group>";
		};
		8BC649F21E2DBA8200656773 /* LaunchScreen.storyboard */ = {
			isa = PBXVariantGroup;
			children = (
				8BC649F31E2DBA8200656773 /* Base */,
			);
			name = LaunchScreen.storyboard;
			sourceTree = "<group>";
		};
/* End PBXVariantGroup section */

/* Begin XCBuildConfiguration section */
		8BC649F61E2DBA8200656773 /* Debug */ = {
			isa = XCBuildConfiguration;
			buildSettings = {
				ALWAYS_SEARCH_USER_PATHS = NO;
				CLANG_ANALYZER_NONNULL = YES;
				CLANG_CXX_LANGUAGE_STANDARD = "gnu++0x";
				CLANG_CXX_LIBRARY = "libc++";
				CLANG_ENABLE_MODULES = YES;
				CLANG_ENABLE_OBJC_ARC = YES;
				CLANG_WARN_BOOL_CONVERSION = YES;
				CLANG_WARN_CONSTANT_CONVERSION = YES;
				CLANG_WARN_DIRECT_OBJC_ISA_USAGE = YES_ERROR;
				CLANG_WARN_DOCUMENTATION_COMMENTS = YES;
				CLANG_WARN_EMPTY_BODY = YES;
				CLANG_WARN_ENUM_CONVERSION = YES;
				CLANG_WARN_INFINITE_RECURSION = YES;
				CLANG_WARN_INT_CONVERSION = YES;
				CLANG_WARN_OBJC_ROOT_CLASS = YES_ERROR;
				CLANG_WARN_SUSPICIOUS_MOVE = YES;
				CLANG_WARN_UNREACHABLE_CODE = YES;
				CLANG_WARN__DUPLICATE_METHOD_MATCH = YES;
				"CODE_SIGN_IDENTITY[sdk=iphoneos*]" = "iPhone Developer";
				COPY_PHASE_STRIP = NO;
				DEBUG_INFORMATION_FORMAT = dwarf;
				ENABLE_STRICT_OBJC_MSGSEND = YES;
				ENABLE_TESTABILITY = YES;
				GCC_C_LANGUAGE_STANDARD = gnu99;
				GCC_DYNAMIC_NO_PIC = NO;
				GCC_NO_COMMON_BLOCKS = YES;
				GCC_OPTIMIZATION_LEVEL = 0;
				GCC_PREPROCESSOR_DEFINITIONS = (
					"DEBUG=1",
					"$(inherited)",
				);
				GCC_WARN_64_TO_32_BIT_CONVERSION = YES;
				GCC_WARN_ABOUT_RETURN_TYPE = YES_ERROR;
				GCC_WARN_UNDECLARED_SELECTOR = YES;
				GCC_WARN_UNINITIALIZED_AUTOS = YES_AGGRESSIVE;
				GCC_WARN_UNUSED_FUNCTION = YES;
				GCC_WARN_UNUSED_VARIABLE = YES;
				IPHONEOS_DEPLOYMENT_TARGET = 10.2;
				MTL_ENABLE_DEBUG_INFO = YES;
				ONLY_ACTIVE_ARCH = YES;
				SDKROOT = iphoneos;
				SWIFT_ACTIVE_COMPILATION_CONDITIONS = DEBUG;
				SWIFT_OPTIMIZATION_LEVEL = "-Onone";
				TARGETED_DEVICE_FAMILY = "1,2";
			};
			name = Debug;
		};
		8BC649F71E2DBA8200656773 /* Release */ = {
			isa = XCBuildConfiguration;
			buildSettings = {
				ALWAYS_SEARCH_USER_PATHS = NO;
				CLANG_ANALYZER_NONNULL = YES;
				CLANG_CXX_LANGUAGE_STANDARD = "gnu++0x";
				CLANG_CXX_LIBRARY = "libc++";
				CLANG_ENABLE_MODULES = YES;
				CLANG_ENABLE_OBJC_ARC = YES;
				CLANG_WARN_BOOL_CONVERSION = YES;
				CLANG_WARN_CONSTANT_CONVERSION = YES;
				CLANG_WARN_DIRECT_OBJC_ISA_USAGE = YES_ERROR;
				CLANG_WARN_DOCUMENTATION_COMMENTS = YES;
				CLANG_WARN_EMPTY_BODY = YES;
				CLANG_WARN_ENUM_CONVERSION = YES;
				CLANG_WARN_INFINITE_RECURSION = YES;
				CLANG_WARN_INT_CONVERSION = YES;
				CLANG_WARN_OBJC_ROOT_CLASS = YES_ERROR;
				CLANG_WARN_SUSPICIOUS_MOVE = YES;
				CLANG_WARN_UNREACHABLE_CODE = YES;
				CLANG_WARN__DUPLICATE_METHOD_MATCH = YES;
				"CODE_SIGN_IDENTITY[sdk=iphoneos*]" = "iPhone Developer";
				COPY_PHASE_STRIP = NO;
				DEBUG_INFORMATION_FORMAT = "dwarf-with-dsym";
				ENABLE_NS_ASSERTIONS = NO;
				ENABLE_STRICT_OBJC_MSGSEND = YES;
				GCC_C_LANGUAGE_STANDARD = gnu99;
				GCC_NO_COMMON_BLOCKS = YES;
				GCC_WARN_64_TO_32_BIT_CONVERSION = YES;
				GCC_WARN_ABOUT_RETURN_TYPE = YES_ERROR;
				GCC_WARN_UNDECLARED_SELECTOR = YES;
				GCC_WARN_UNINITIALIZED_AUTOS = YES_AGGRESSIVE;
				GCC_WARN_UNUSED_FUNCTION = YES;
				GCC_WARN_UNUSED_VARIABLE = YES;
				IPHONEOS_DEPLOYMENT_TARGET = 10.2;
				MTL_ENABLE_DEBUG_INFO = NO;
				SDKROOT = iphoneos;
				SWIFT_OPTIMIZATION_LEVEL = "-Owholemodule";
				TARGETED_DEVICE_FAMILY = "1,2";
				VALIDATE_PRODUCT = YES;
			};
			name = Release;
		};
		8BC649F91E2DBA8200656773 /* Debug */ = {
			isa = XCBuildConfiguration;
			buildSettings = {
				ASSETCATALOG_COMPILER_APPICON_NAME = AppIcon;
				DEVELOPMENT_TEAM = NNRNHY2N8B;
				INFOPLIST_FILE = Sample/Info.plist;
				LD_RUNPATH_SEARCH_PATHS = "$(inherited) @executable_path/Frameworks";
				PRODUCT_BUNDLE_IDENTIFIER = com.efremidze.Sample;
				PRODUCT_NAME = "$(TARGET_NAME)";
				SWIFT_VERSION = 3.0;
			};
			name = Debug;
		};
		8BC649FA1E2DBA8200656773 /* Release */ = {
			isa = XCBuildConfiguration;
			buildSettings = {
				ASSETCATALOG_COMPILER_APPICON_NAME = AppIcon;
				DEVELOPMENT_TEAM = NNRNHY2N8B;
				INFOPLIST_FILE = Sample/Info.plist;
				LD_RUNPATH_SEARCH_PATHS = "$(inherited) @executable_path/Frameworks";
				PRODUCT_BUNDLE_IDENTIFIER = com.efremidze.Sample;
				PRODUCT_NAME = "$(TARGET_NAME)";
				SWIFT_VERSION = 3.0;
			};
			name = Release;
		};
/* End XCBuildConfiguration section */

/* Begin XCConfigurationList section */
		8BC649E11E2DBA8200656773 /* Build configuration list for PBXProject "Sample" */ = {
			isa = XCConfigurationList;
			buildConfigurations = (
				8BC649F61E2DBA8200656773 /* Debug */,
				8BC649F71E2DBA8200656773 /* Release */,
			);
			defaultConfigurationIsVisible = 0;
			defaultConfigurationName = Release;
		};
		8BC649F81E2DBA8200656773 /* Build configuration list for PBXNativeTarget "Sample" */ = {
			isa = XCConfigurationList;
			buildConfigurations = (
				8BC649F91E2DBA8200656773 /* Debug */,
				8BC649FA1E2DBA8200656773 /* Release */,
			);
			defaultConfigurationIsVisible = 0;
			defaultConfigurationName = Release;
		};
/* End XCConfigurationList section */
	};
	rootObject = 8BC649DE1E2DBA8200656773 /* Project object */;
}
