// !$*UTF8*$!
{
	archiveVersion = 1;
	classes = {
	};
	objectVersion = 46;
	objects = {

/* Begin PBXBuildFile section */
		8B9D84E61C5AE202000CB695 /* AppDelegate.swift in Sources */ = {isa = PBXBuildFile; fileRef = 8B9D84E51C5AE202000CB695 /* AppDelegate.swift */; };
		8B9D84E81C5AE202000CB695 /* ViewController.swift in Sources */ = {isa = PBXBuildFile; fileRef = 8B9D84E71C5AE202000CB695 /* ViewController.swift */; };
		8B9D84EB1C5AE202000CB695 /* Main.storyboard in Resources */ = {isa = PBXBuildFile; fileRef = 8B9D84E91C5AE202000CB695 /* Main.storyboard */; };
		8B9D84ED1C5AE202000CB695 /* Assets.xcassets in Resources */ = {isa = PBXBuildFile; fileRef = 8B9D84EC1C5AE202000CB695 /* Assets.xcassets */; };
		8B9D84F01C5AE202000CB695 /* LaunchScreen.storyboard in Resources */ = {isa = PBXBuildFile; fileRef = 8B9D84EE1C5AE202000CB695 /* LaunchScreen.storyboard */; };
		8B9D84F81C5AE611000CB695 /* UIGestureRecognizerExtensions.swift in Sources */ = {isa = PBXBuildFile; fileRef = 8B9D84F71C5AE611000CB695 /* UIGestureRecognizerExtensions.swift */; };
/* End PBXBuildFile section */

/* Begin PBXFileReference section */
		8B9D84E21C5AE202000CB695 /* Sample.app */ = {isa = PBXFileReference; explicitFileType = wrapper.application; includeInIndex = 0; path = Sample.app; sourceTree = BUILT_PRODUCTS_DIR; };
		8B9D84E51C5AE202000CB695 /* AppDelegate.swift */ = {isa = PBXFileReference; lastKnownFileType = sourcecode.swift; path = AppDelegate.swift; sourceTree = "<group>"; };
		8B9D84E71C5AE202000CB695 /* ViewController.swift */ = {isa = PBXFileReference; lastKnownFileType = sourcecode.swift; path = ViewController.swift; sourceTree = "<group>"; };
		8B9D84EA1C5AE202000CB695 /* Base */ = {isa = PBXFileReference; lastKnownFileType = file.storyboard; name = Base; path = Base.lproj/Main.storyboard; sourceTree = "<group>"; };
		8B9D84EC1C5AE202000CB695 /* Assets.xcassets */ = {isa = PBXFileReference; lastKnownFileType = folder.assetcatalog; path = Assets.xcassets; sourceTree = "<group>"; };
		8B9D84EF1C5AE202000CB695 /* Base */ = {isa = PBXFileReference; lastKnownFileType = file.storyboard; name = Base; path = Base.lproj/LaunchScreen.storyboard; sourceTree = "<group>"; };
		8B9D84F11C5AE202000CB695 /* Info.plist */ = {isa = PBXFileReference; lastKnownFileType = text.plist.xml; path = Info.plist; sourceTree = "<group>"; };
		8B9D84F71C5AE611000CB695 /* UIGestureRecognizerExtensions.swift */ = {isa = PBXFileReference; fileEncoding = 4; lastKnownFileType = sourcecode.swift; path = UIGestureRecognizerExtensions.swift; sourceTree = "<group>"; };
/* End PBXFileReference section */

/* Begin PBXFrameworksBuildPhase section */
		8B9D84DF1C5AE202000CB695 /* Frameworks */ = {
			isa = PBXFrameworksBuildPhase;
			buildActionMask = 2147483647;
			files = (
			);
			runOnlyForDeploymentPostprocessing = 0;
		};
/* End PBXFrameworksBuildPhase section */

/* Begin PBXGroup section */
		8B9D84D91C5AE202000CB695 = {
			isa = PBXGroup;
			children = (
				8B9D84E41C5AE202000CB695 /* Sample */,
				8B9D84E31C5AE202000CB695 /* Products */,
			);
			sourceTree = "<group>";
		};
		8B9D84E31C5AE202000CB695 /* Products */ = {
			isa = PBXGroup;
			children = (
				8B9D84E21C5AE202000CB695 /* Sample.app */,
			);
			name = Products;
			sourceTree = "<group>";
		};
		8B9D84E41C5AE202000CB695 /* Sample */ = {
			isa = PBXGroup;
			children = (
				8B9D84E51C5AE202000CB695 /* AppDelegate.swift */,
				8B9D84E71C5AE202000CB695 /* ViewController.swift */,
				8B9D84F71C5AE611000CB695 /* UIGestureRecognizerExtensions.swift */,
				8B9D84E91C5AE202000CB695 /* Main.storyboard */,
				8B9D84EC1C5AE202000CB695 /* Assets.xcassets */,
				8B9D84EE1C5AE202000CB695 /* LaunchScreen.storyboard */,
				8B9D84F11C5AE202000CB695 /* Info.plist */,
			);
			path = Sample;
			sourceTree = "<group>";
		};
/* End PBXGroup section */

/* Begin PBXNativeTarget section */
		8B9D84E11C5AE202000CB695 /* Sample */ = {
			isa = PBXNativeTarget;
			buildConfigurationList = 8B9D84F41C5AE202000CB695 /* Build configuration list for PBXNativeTarget "Sample" */;
			buildPhases = (
				8B9D84DE1C5AE202000CB695 /* Sources */,
				8B9D84DF1C5AE202000CB695 /* Frameworks */,
				8B9D84E01C5AE202000CB695 /* Resources */,
			);
			buildRules = (
			);
			dependencies = (
			);
			name = Sample;
			productName = Sample;
			productReference = 8B9D84E21C5AE202000CB695 /* Sample.app */;
			productType = "com.apple.product-type.application";
		};
/* End PBXNativeTarget section */

/* Begin PBXProject section */
		8B9D84DA1C5AE202000CB695 /* Project object */ = {
			isa = PBXProject;
			attributes = {
				LastSwiftUpdateCheck = 0720;
				LastUpgradeCheck = 0720;
				ORGANIZATIONNAME = "Lasha Efremidze";
				TargetAttributes = {
					8B9D84E11C5AE202000CB695 = {
						CreatedOnToolsVersion = 7.2;
					};
				};
			};
			buildConfigurationList = 8B9D84DD1C5AE202000CB695 /* Build configuration list for PBXProject "Sample" */;
			compatibilityVersion = "Xcode 3.2";
			developmentRegion = English;
			hasScannedForEncodings = 0;
			knownRegions = (
				en,
				Base,
			);
			mainGroup = 8B9D84D91C5AE202000CB695;
			productRefGroup = 8B9D84E31C5AE202000CB695 /* Products */;
			projectDirPath = "";
			projectRoot = "";
			targets = (
				8B9D84E11C5AE202000CB695 /* Sample */,
			);
		};
/* End PBXProject section */

/* Begin PBXResourcesBuildPhase section */
		8B9D84E01C5AE202000CB695 /* Resources */ = {
			isa = PBXResourcesBuildPhase;
			buildActionMask = 2147483647;
			files = (
				8B9D84F01C5AE202000CB695 /* LaunchScreen.storyboard in Resources */,
				8B9D84ED1C5AE202000CB695 /* Assets.xcassets in Resources */,
				8B9D84EB1C5AE202000CB695 /* Main.storyboard in Resources */,
			);
			runOnlyForDeploymentPostprocessing = 0;
		};
/* End PBXResourcesBuildPhase section */

/* Begin PBXSourcesBuildPhase section */
		8B9D84DE1C5AE202000CB695 /* Sources */ = {
			isa = PBXSourcesBuildPhase;
			buildActionMask = 2147483647;
			files = (
				8B9D84E81C5AE202000CB695 /* ViewController.swift in Sources */,
				8B9D84F81C5AE611000CB695 /* UIGestureRecognizerExtensions.swift in Sources */,
				8B9D84E61C5AE202000CB695 /* AppDelegate.swift in Sources */,
			);
			runOnlyForDeploymentPostprocessing = 0;
		};
/* End PBXSourcesBuildPhase section */

/* Begin PBXVariantGroup section */
		8B9D84E91C5AE202000CB695 /* Main.storyboard */ = {
			isa = PBXVariantGroup;
			children = (
				8B9D84EA1C5AE202000CB695 /* Base */,
			);
			name = Main.storyboard;
			sourceTree = "<group>";
		};
		8B9D84EE1C5AE202000CB695 /* LaunchScreen.storyboard */ = {
			isa = PBXVariantGroup;
			children = (
				8B9D84EF1C5AE202000CB695 /* Base */,
			);
			name = LaunchScreen.storyboard;
			sourceTree = "<group>";
		};
/* End PBXVariantGroup section */

/* Begin XCBuildConfiguration section */
		8B9D84F21C5AE202000CB695 /* Debug */ = {
			isa = XCBuildConfiguration;
			buildSettings = {
				ALWAYS_SEARCH_USER_PATHS = NO;
				CLANG_CXX_LANGUAGE_STANDARD = "gnu++0x";
				CLANG_CXX_LIBRARY = "libc++";
				CLANG_ENABLE_MODULES = YES;
				CLANG_ENABLE_OBJC_ARC = YES;
				CLANG_WARN_BOOL_CONVERSION = YES;
				CLANG_WARN_CONSTANT_CONVERSION = YES;
				CLANG_WARN_DIRECT_OBJC_ISA_USAGE = YES_ERROR;
				CLANG_WARN_EMPTY_BODY = YES;
				CLANG_WARN_ENUM_CONVERSION = YES;
				CLANG_WARN_INT_CONVERSION = YES;
				CLANG_WARN_OBJC_ROOT_CLASS = YES_ERROR;
				CLANG_WARN_UNREACHABLE_CODE = YES;
				CLANG_WARN__DUPLICATE_METHOD_MATCH = YES;
				"CODE_SIGN_IDENTITY[sdk=iphoneos*]" = "iPhone Developer";
				COPY_PHASE_STRIP = NO;
				DEBUG_INFORMATION_FORMAT = dwarf;
				ENABLE_STRICT_OBJC_MSGSEND = YES;
				ENABLE_TESTABILITY = YES;
				GCC_C_LANGUAGE_STANDARD = gnu99;
				GCC_DYNAMIC_NO_PIC = NO;
				GCC_NO_COMMON_BLOCKS = YES;
				GCC_OPTIMIZATION_LEVEL = 0;
				GCC_PREPROCESSOR_DEFINITIONS = (
					"DEBUG=1",
					"$(inherited)",
				);
				GCC_WARN_64_TO_32_BIT_CONVERSION = YES;
				GCC_WARN_ABOUT_RETURN_TYPE = YES_ERROR;
				GCC_WARN_UNDECLARED_SELECTOR = YES;
				GCC_WARN_UNINITIALIZED_AUTOS = YES_AGGRESSIVE;
				GCC_WARN_UNUSED_FUNCTION = YES;
				GCC_WARN_UNUSED_VARIABLE = YES;
				IPHONEOS_DEPLOYMENT_TARGET = 9.2;
				MTL_ENABLE_DEBUG_INFO = YES;
				ONLY_ACTIVE_ARCH = YES;
				SDKROOT = iphoneos;
				SWIFT_OPTIMIZATION_LEVEL = "-Onone";
				TARGETED_DEVICE_FAMILY = "1,2";
			};
			name = Debug;
		};
		8B9D84F31C5AE202000CB695 /* Release */ = {
			isa = XCBuildConfiguration;
			buildSettings = {
				ALWAYS_SEARCH_USER_PATHS = NO;
				CLANG_CXX_LANGUAGE_STANDARD = "gnu++0x";
				CLANG_CXX_LIBRARY = "libc++";
				CLANG_ENABLE_MODULES = YES;
				CLANG_ENABLE_OBJC_ARC = YES;
				CLANG_WARN_BOOL_CONVERSION = YES;
				CLANG_WARN_CONSTANT_CONVERSION = YES;
				CLANG_WARN_DIRECT_OBJC_ISA_USAGE = YES_ERROR;
				CLANG_WARN_EMPTY_BODY = YES;
				CLANG_WARN_ENUM_CONVERSION = YES;
				CLANG_WARN_INT_CONVERSION = YES;
				CLANG_WARN_OBJC_ROOT_CLASS = YES_ERROR;
				CLANG_WARN_UNREACHABLE_CODE = YES;
				CLANG_WARN__DUPLICATE_METHOD_MATCH = YES;
				"CODE_SIGN_IDENTITY[sdk=iphoneos*]" = "iPhone Developer";
				COPY_PHASE_STRIP = NO;
				DEBUG_INFORMATION_FORMAT = "dwarf-with-dsym";
				ENABLE_NS_ASSERTIONS = NO;
				ENABLE_STRICT_OBJC_MSGSEND = YES;
				GCC_C_LANGUAGE_STANDARD = gnu99;
				GCC_NO_COMMON_BLOCKS = YES;
				GCC_WARN_64_TO_32_BIT_CONVERSION = YES;
				GCC_WARN_ABOUT_RETURN_TYPE = YES_ERROR;
				GCC_WARN_UNDECLARED_SELECTOR = YES;
				GCC_WARN_UNINITIALIZED_AUTOS = YES_AGGRESSIVE;
				GCC_WARN_UNUSED_FUNCTION = YES;
				GCC_WARN_UNUSED_VARIABLE = YES;
				IPHONEOS_DEPLOYMENT_TARGET = 9.2;
				MTL_ENABLE_DEBUG_INFO = NO;
				SDKROOT = iphoneos;
				TARGETED_DEVICE_FAMILY = "1,2";
				VALIDATE_PRODUCT = YES;
			};
			name = Release;
		};
		8B9D84F51C5AE202000CB695 /* Debug */ = {
			isa = XCBuildConfiguration;
			buildSettings = {
				ASSETCATALOG_COMPILER_APPICON_NAME = AppIcon;
				INFOPLIST_FILE = Sample/Info.plist;
				LD_RUNPATH_SEARCH_PATHS = "$(inherited) @executable_path/Frameworks";
				PRODUCT_BUNDLE_IDENTIFIER = com.morevoltage.Sample;
				PRODUCT_NAME = "$(TARGET_NAME)";
			};
			name = Debug;
		};
		8B9D84F61C5AE202000CB695 /* Release */ = {
			isa = XCBuildConfiguration;
			buildSettings = {
				ASSETCATALOG_COMPILER_APPICON_NAME = AppIcon;
				INFOPLIST_FILE = Sample/Info.plist;
				LD_RUNPATH_SEARCH_PATHS = "$(inherited) @executable_path/Frameworks";
				PRODUCT_BUNDLE_IDENTIFIER = com.morevoltage.Sample;
				PRODUCT_NAME = "$(TARGET_NAME)";
			};
			name = Release;
		};
/* End XCBuildConfiguration section */

/* Begin XCConfigurationList section */
		8B9D84DD1C5AE202000CB695 /* Build configuration list for PBXProject "Sample" */ = {
			isa = XCConfigurationList;
			buildConfigurations = (
				8B9D84F21C5AE202000CB695 /* Debug */,
				8B9D84F31C5AE202000CB695 /* Release */,
			);
			defaultConfigurationIsVisible = 0;
			defaultConfigurationName = Release;
		};
		8B9D84F41C5AE202000CB695 /* Build configuration list for PBXNativeTarget "Sample" */ = {
			isa = XCConfigurationList;
			buildConfigurations = (
				8B9D84F51C5AE202000CB695 /* Debug */,
				8B9D84F61C5AE202000CB695 /* Release */,
			);
			defaultConfigurationIsVisible = 0;
		};
/* End XCConfigurationList section */
	};
	rootObject = 8B9D84DA1C5AE202000CB695 /* Project object */;
}
