// !$*UTF8*$!
{
	archiveVersion = 1;
	classes = {
	};
	objectVersion = 46;
	objects = {

/* Begin PBXBuildFile section */
		8B5A4ACD1C7A661600FFE987 /* UIDeviceExtras.swift in Sources */ = {isa = PBXBuildFile; fileRef = 8B5A4ACC1C7A661600FFE987 /* UIDeviceExtras.swift */; };
		8B5A4ACF1C7A951200FFE987 /* Constants.swift in Sources */ = {isa = PBXBuildFile; fileRef = 8B5A4ACE1C7A951200FFE987 /* Constants.swift */; };
		8B8128241C7A62E600999E32 /* AppDelegate.swift in Sources */ = {isa = PBXBuildFile; fileRef = 8B8128231C7A62E600999E32 /* AppDelegate.swift */; };
		8B8128261C7A62E600999E32 /* ViewController.swift in Sources */ = {isa = PBXBuildFile; fileRef = 8B8128251C7A62E600999E32 /* ViewController.swift */; };
		8B8128291C7A62E600999E32 /* Main.storyboard in Resources */ = {isa = PBXBuildFile; fileRef = 8B8128271C7A62E600999E32 /* Main.storyboard */; };
		8B81282B1C7A62E600999E32 /* Assets.xcassets in Resources */ = {isa = PBXBuildFile; fileRef = 8B81282A1C7A62E600999E32 /* Assets.xcassets */; };
		8B81282E1C7A62E600999E32 /* LaunchScreen.storyboard in Resources */ = {isa = PBXBuildFile; fileRef = 8B81282C1C7A62E600999E32 /* LaunchScreen.storyboard */; };
		A23C5BBDAE7C82412041A961 /* Pods.framework in Frameworks */ = {isa = PBXBuildFile; fileRef = 8A716906E716AA30D0967B6F /* Pods.framework */; settings = {ATTRIBUTES = (Weak, ); }; };
/* End PBXBuildFile section */

/* Begin PBXFileReference section */
		15480FC0EE40AB17FE99ED77 /* Pods.release.xcconfig */ = {isa = PBXFileReference; includeInIndex = 1; lastKnownFileType = text.xcconfig; name = Pods.release.xcconfig; path = "Pods/Target Support Files/Pods/Pods.release.xcconfig"; sourceTree = "<group>"; };
		8A716906E716AA30D0967B6F /* Pods.framework */ = {isa = PBXFileReference; explicitFileType = wrapper.framework; includeInIndex = 0; path = Pods.framework; sourceTree = BUILT_PRODUCTS_DIR; };
		8B5A4ACC1C7A661600FFE987 /* UIDeviceExtras.swift */ = {isa = PBXFileReference; fileEncoding = 4; lastKnownFileType = sourcecode.swift; path = UIDeviceExtras.swift; sourceTree = "<group>"; };
		8B5A4ACE1C7A951200FFE987 /* Constants.swift */ = {isa = PBXFileReference; fileEncoding = 4; lastKnownFileType = sourcecode.swift; path = Constants.swift; sourceTree = "<group>"; };
		8B8128201C7A62E600999E32 /* Sample.app */ = {isa = PBXFileReference; explicitFileType = wrapper.application; includeInIndex = 0; path = Sample.app; sourceTree = BUILT_PRODUCTS_DIR; };
		8B8128231C7A62E600999E32 /* AppDelegate.swift */ = {isa = PBXFileReference; lastKnownFileType = sourcecode.swift; path = AppDelegate.swift; sourceTree = "<group>"; };
		8B8128251C7A62E600999E32 /* ViewController.swift */ = {isa = PBXFileReference; lastKnownFileType = sourcecode.swift; path = ViewController.swift; sourceTree = "<group>"; };
		8B8128281C7A62E600999E32 /* Base */ = {isa = PBXFileReference; lastKnownFileType = file.storyboard; name = Base; path = Base.lproj/Main.storyboard; sourceTree = "<group>"; };
		8B81282A1C7A62E600999E32 /* Assets.xcassets */ = {isa = PBXFileReference; lastKnownFileType = folder.assetcatalog; path = Assets.xcassets; sourceTree = "<group>"; };
		8B81282D1C7A62E600999E32 /* Base */ = {isa = PBXFileReference; lastKnownFileType = file.storyboard; name = Base; path = Base.lproj/LaunchScreen.storyboard; sourceTree = "<group>"; };
		8B81282F1C7A62E600999E32 /* Info.plist */ = {isa = PBXFileReference; lastKnownFileType = text.plist.xml; path = Info.plist; sourceTree = "<group>"; };
		B5EE13AFCCB9DFDAAC77CF06 /* Pods.debug.xcconfig */ = {isa = PBXFileReference; includeInIndex = 1; lastKnownFileType = text.xcconfig; name = Pods.debug.xcconfig; path = "Pods/Target Support Files/Pods/Pods.debug.xcconfig"; sourceTree = "<group>"; };
/* End PBXFileReference section */

/* Begin PBXFrameworksBuildPhase section */
		8B81281D1C7A62E600999E32 /* Frameworks */ = {
			isa = PBXFrameworksBuildPhase;
			buildActionMask = 2147483647;
			files = (
				A23C5BBDAE7C82412041A961 /* Pods.framework in Frameworks */,
			);
			runOnlyForDeploymentPostprocessing = 0;
		};
/* End PBXFrameworksBuildPhase section */

/* Begin PBXGroup section */
		00867A26D543A066C9A99E70 /* Frameworks */ = {
			isa = PBXGroup;
			children = (
				8A716906E716AA30D0967B6F /* Pods.framework */,
			);
			name = Frameworks;
			sourceTree = "<group>";
		};
		4860C0A885B6BAE19E5DEDCD /* Pods */ = {
			isa = PBXGroup;
			children = (
				B5EE13AFCCB9DFDAAC77CF06 /* Pods.debug.xcconfig */,
				15480FC0EE40AB17FE99ED77 /* Pods.release.xcconfig */,
			);
			name = Pods;
			sourceTree = "<group>";
		};
		8B8128171C7A62E600999E32 = {
			isa = PBXGroup;
			children = (
				8B8128221C7A62E600999E32 /* Sample */,
				8B8128211C7A62E600999E32 /* Products */,
				4860C0A885B6BAE19E5DEDCD /* Pods */,
				00867A26D543A066C9A99E70 /* Frameworks */,
			);
			sourceTree = "<group>";
		};
		8B8128211C7A62E600999E32 /* Products */ = {
			isa = PBXGroup;
			children = (
				8B8128201C7A62E600999E32 /* Sample.app */,
			);
			name = Products;
			sourceTree = "<group>";
		};
		8B8128221C7A62E600999E32 /* Sample */ = {
			isa = PBXGroup;
			children = (
				8B8128231C7A62E600999E32 /* AppDelegate.swift */,
				8B8128251C7A62E600999E32 /* ViewController.swift */,
				8B5A4ACC1C7A661600FFE987 /* UIDeviceExtras.swift */,
				8B5A4ACE1C7A951200FFE987 /* Constants.swift */,
				8B8128271C7A62E600999E32 /* Main.storyboard */,
				8B81282A1C7A62E600999E32 /* Assets.xcassets */,
				8B81282C1C7A62E600999E32 /* LaunchScreen.storyboard */,
				8B81282F1C7A62E600999E32 /* Info.plist */,
			);
			path = Sample;
			sourceTree = "<group>";
		};
/* End PBXGroup section */

/* Begin PBXNativeTarget section */
		8B81281F1C7A62E600999E32 /* Sample */ = {
			isa = PBXNativeTarget;
			buildConfigurationList = 8B8128321C7A62E600999E32 /* Build configuration list for PBXNativeTarget "Sample" */;
			buildPhases = (
				9BF371FBA8686E59E869946A /* Check Pods Manifest.lock */,
				8B81281C1C7A62E600999E32 /* Sources */,
				8B81281D1C7A62E600999E32 /* Frameworks */,
				8B81281E1C7A62E600999E32 /* Resources */,
				FF9B0D5264FF803DE15B5F2A /* Embed Pods Frameworks */,
				2054275CE6A57444A10547BE /* Copy Pods Resources */,
			);
			buildRules = (
			);
			dependencies = (
			);
			name = Sample;
			productName = Sample;
			productReference = 8B8128201C7A62E600999E32 /* Sample.app */;
			productType = "com.apple.product-type.application";
		};
/* End PBXNativeTarget section */

/* Begin PBXProject section */
		8B8128181C7A62E600999E32 /* Project object */ = {
			isa = PBXProject;
			attributes = {
				LastSwiftUpdateCheck = 0720;
				LastUpgradeCheck = 0720;
				ORGANIZATIONNAME = "Lasha Efremidze";
				TargetAttributes = {
					8B81281F1C7A62E600999E32 = {
						CreatedOnToolsVersion = 7.2.1;
					};
				};
			};
			buildConfigurationList = 8B81281B1C7A62E600999E32 /* Build configuration list for PBXProject "Sample" */;
			compatibilityVersion = "Xcode 3.2";
			developmentRegion = English;
			hasScannedForEncodings = 0;
			knownRegions = (
				en,
				Base,
			);
			mainGroup = 8B8128171C7A62E600999E32;
			productRefGroup = 8B8128211C7A62E600999E32 /* Products */;
			projectDirPath = "";
			projectRoot = "";
			targets = (
				8B81281F1C7A62E600999E32 /* Sample */,
			);
		};
/* End PBXProject section */

/* Begin PBXResourcesBuildPhase section */
		8B81281E1C7A62E600999E32 /* Resources */ = {
			isa = PBXResourcesBuildPhase;
			buildActionMask = 2147483647;
			files = (
				8B81282E1C7A62E600999E32 /* LaunchScreen.storyboard in Resources */,
				8B81282B1C7A62E600999E32 /* Assets.xcassets in Resources */,
				8B8128291C7A62E600999E32 /* Main.storyboard in Resources */,
			);
			runOnlyForDeploymentPostprocessing = 0;
		};
/* End PBXResourcesBuildPhase section */

/* Begin PBXShellScriptBuildPhase section */
		2054275CE6A57444A10547BE /* Copy Pods Resources */ = {
			isa = PBXShellScriptBuildPhase;
			buildActionMask = 2147483647;
			files = (
			);
			inputPaths = (
			);
			name = "Copy Pods Resources";
			outputPaths = (
			);
			runOnlyForDeploymentPostprocessing = 0;
			shellPath = /bin/sh;
			shellScript = "\"${SRCROOT}/Pods/Target Support Files/Pods/Pods-resources.sh\"\n";
			showEnvVarsInLog = 0;
		};
		9BF371FBA8686E59E869946A /* Check Pods Manifest.lock */ = {
			isa = PBXShellScriptBuildPhase;
			buildActionMask = 2147483647;
			files = (
			);
			inputPaths = (
			);
			name = "Check Pods Manifest.lock";
			outputPaths = (
			);
			runOnlyForDeploymentPostprocessing = 0;
			shellPath = /bin/sh;
			shellScript = "diff \"${PODS_ROOT}/../Podfile.lock\" \"${PODS_ROOT}/Manifest.lock\" > /dev/null\nif [[ $? != 0 ]] ; then\n    cat << EOM\nerror: The sandbox is not in sync with the Podfile.lock. Run 'pod install' or update your CocoaPods installation.\nEOM\n    exit 1\nfi\n";
			showEnvVarsInLog = 0;
		};
		FF9B0D5264FF803DE15B5F2A /* Embed Pods Frameworks */ = {
			isa = PBXShellScriptBuildPhase;
			buildActionMask = 2147483647;
			files = (
			);
			inputPaths = (
			);
			name = "Embed Pods Frameworks";
			outputPaths = (
			);
			runOnlyForDeploymentPostprocessing = 0;
			shellPath = /bin/sh;
			shellScript = "\"${SRCROOT}/Pods/Target Support Files/Pods/Pods-frameworks.sh\"\n";
			showEnvVarsInLog = 0;
		};
/* End PBXShellScriptBuildPhase section */

/* Begin PBXSourcesBuildPhase section */
		8B81281C1C7A62E600999E32 /* Sources */ = {
			isa = PBXSourcesBuildPhase;
			buildActionMask = 2147483647;
			files = (
				8B5A4ACD1C7A661600FFE987 /* UIDeviceExtras.swift in Sources */,
				8B8128261C7A62E600999E32 /* ViewController.swift in Sources */,
				8B8128241C7A62E600999E32 /* AppDelegate.swift in Sources */,
				8B5A4ACF1C7A951200FFE987 /* Constants.swift in Sources */,
			);
			runOnlyForDeploymentPostprocessing = 0;
		};
/* End PBXSourcesBuildPhase section */

/* Begin PBXVariantGroup section */
		8B8128271C7A62E600999E32 /* Main.storyboard */ = {
			isa = PBXVariantGroup;
			children = (
				8B8128281C7A62E600999E32 /* Base */,
			);
			name = Main.storyboard;
			sourceTree = "<group>";
		};
		8B81282C1C7A62E600999E32 /* LaunchScreen.storyboard */ = {
			isa = PBXVariantGroup;
			children = (
				8B81282D1C7A62E600999E32 /* Base */,
			);
			name = LaunchScreen.storyboard;
			sourceTree = "<group>";
		};
/* End PBXVariantGroup section */

/* Begin XCBuildConfiguration section */
		8B8128301C7A62E600999E32 /* Debug */ = {
			isa = XCBuildConfiguration;
			buildSettings = {
				ALWAYS_SEARCH_USER_PATHS = NO;
				CLANG_CXX_LANGUAGE_STANDARD = "gnu++0x";
				CLANG_CXX_LIBRARY = "libc++";
				CLANG_ENABLE_MODULES = YES;
				CLANG_ENABLE_OBJC_ARC = YES;
				CLANG_WARN_BOOL_CONVERSION = YES;
				CLANG_WARN_CONSTANT_CONVERSION = YES;
				CLANG_WARN_DIRECT_OBJC_ISA_USAGE = YES_ERROR;
				CLANG_WARN_EMPTY_BODY = YES;
				CLANG_WARN_ENUM_CONVERSION = YES;
				CLANG_WARN_INT_CONVERSION = YES;
				CLANG_WARN_OBJC_ROOT_CLASS = YES_ERROR;
				CLANG_WARN_UNREACHABLE_CODE = YES;
				CLANG_WARN__DUPLICATE_METHOD_MATCH = YES;
				"CODE_SIGN_IDENTITY[sdk=iphoneos*]" = "iPhone Developer";
				COPY_PHASE_STRIP = NO;
				DEBUG_INFORMATION_FORMAT = dwarf;
				ENABLE_STRICT_OBJC_MSGSEND = YES;
				ENABLE_TESTABILITY = YES;
				GCC_C_LANGUAGE_STANDARD = gnu99;
				GCC_DYNAMIC_NO_PIC = NO;
				GCC_NO_COMMON_BLOCKS = YES;
				GCC_OPTIMIZATION_LEVEL = 0;
				GCC_PREPROCESSOR_DEFINITIONS = (
					"DEBUG=1",
					"$(inherited)",
				);
				GCC_WARN_64_TO_32_BIT_CONVERSION = YES;
				GCC_WARN_ABOUT_RETURN_TYPE = YES_ERROR;
				GCC_WARN_UNDECLARED_SELECTOR = YES;
				GCC_WARN_UNINITIALIZED_AUTOS = YES_AGGRESSIVE;
				GCC_WARN_UNUSED_FUNCTION = YES;
				GCC_WARN_UNUSED_VARIABLE = YES;
				IPHONEOS_DEPLOYMENT_TARGET = 9.2;
				MTL_ENABLE_DEBUG_INFO = YES;
				ONLY_ACTIVE_ARCH = YES;
				SDKROOT = iphoneos;
				SWIFT_OPTIMIZATION_LEVEL = "-Onone";
				TARGETED_DEVICE_FAMILY = "1,2";
			};
			name = Debug;
		};
		8B8128311C7A62E600999E32 /* Release */ = {
			isa = XCBuildConfiguration;
			buildSettings = {
				ALWAYS_SEARCH_USER_PATHS = NO;
				CLANG_CXX_LANGUAGE_STANDARD = "gnu++0x";
				CLANG_CXX_LIBRARY = "libc++";
				CLANG_ENABLE_MODULES = YES;
				CLANG_ENABLE_OBJC_ARC = YES;
				CLANG_WARN_BOOL_CONVERSION = YES;
				CLANG_WARN_CONSTANT_CONVERSION = YES;
				CLANG_WARN_DIRECT_OBJC_ISA_USAGE = YES_ERROR;
				CLANG_WARN_EMPTY_BODY = YES;
				CLANG_WARN_ENUM_CONVERSION = YES;
				CLANG_WARN_INT_CONVERSION = YES;
				CLANG_WARN_OBJC_ROOT_CLASS = YES_ERROR;
				CLANG_WARN_UNREACHABLE_CODE = YES;
				CLANG_WARN__DUPLICATE_METHOD_MATCH = YES;
				"CODE_SIGN_IDENTITY[sdk=iphoneos*]" = "iPhone Developer";
				COPY_PHASE_STRIP = NO;
				DEBUG_INFORMATION_FORMAT = "dwarf-with-dsym";
				ENABLE_NS_ASSERTIONS = NO;
				ENABLE_STRICT_OBJC_MSGSEND = YES;
				GCC_C_LANGUAGE_STANDARD = gnu99;
				GCC_NO_COMMON_BLOCKS = YES;
				GCC_WARN_64_TO_32_BIT_CONVERSION = YES;
				GCC_WARN_ABOUT_RETURN_TYPE = YES_ERROR;
				GCC_WARN_UNDECLARED_SELECTOR = YES;
				GCC_WARN_UNINITIALIZED_AUTOS = YES_AGGRESSIVE;
				GCC_WARN_UNUSED_FUNCTION = YES;
				GCC_WARN_UNUSED_VARIABLE = YES;
				IPHONEOS_DEPLOYMENT_TARGET = 9.2;
				MTL_ENABLE_DEBUG_INFO = NO;
				SDKROOT = iphoneos;
				TARGETED_DEVICE_FAMILY = "1,2";
				VALIDATE_PRODUCT = YES;
			};
			name = Release;
		};
		8B8128331C7A62E600999E32 /* Debug */ = {
			isa = XCBuildConfiguration;
			baseConfigurationReference = B5EE13AFCCB9DFDAAC77CF06 /* Pods.debug.xcconfig */;
			buildSettings = {
				ASSETCATALOG_COMPILER_APPICON_NAME = AppIcon;
				INFOPLIST_FILE = Sample/Info.plist;
				LD_RUNPATH_SEARCH_PATHS = "$(inherited) @executable_path/Frameworks";
				PRODUCT_BUNDLE_IDENTIFIER = com.efremidze.Sample;
				PRODUCT_NAME = "$(TARGET_NAME)";
			};
			name = Debug;
		};
		8B8128341C7A62E600999E32 /* Release */ = {
			isa = XCBuildConfiguration;
			baseConfigurationReference = 15480FC0EE40AB17FE99ED77 /* Pods.release.xcconfig */;
			buildSettings = {
				ASSETCATALOG_COMPILER_APPICON_NAME = AppIcon;
				INFOPLIST_FILE = Sample/Info.plist;
				LD_RUNPATH_SEARCH_PATHS = "$(inherited) @executable_path/Frameworks";
				PRODUCT_BUNDLE_IDENTIFIER = com.efremidze.Sample;
				PRODUCT_NAME = "$(TARGET_NAME)";
			};
			name = Release;
		};
/* End XCBuildConfiguration section */

/* Begin XCConfigurationList section */
		8B81281B1C7A62E600999E32 /* Build configuration list for PBXProject "Sample" */ = {
			isa = XCConfigurationList;
			buildConfigurations = (
				8B8128301C7A62E600999E32 /* Debug */,
				8B8128311C7A62E600999E32 /* Release */,
			);
			defaultConfigurationIsVisible = 0;
			defaultConfigurationName = Release;
		};
		8B8128321C7A62E600999E32 /* Build configuration list for PBXNativeTarget "Sample" */ = {
			isa = XCConfigurationList;
			buildConfigurations = (
				8B8128331C7A62E600999E32 /* Debug */,
				8B8128341C7A62E600999E32 /* Release */,
			);
			defaultConfigurationIsVisible = 0;
			defaultConfigurationName = Release;
		};
/* End XCConfigurationList section */
	};
	rootObject = 8B8128181C7A62E600999E32 /* Project object */;
}
