// !$*UTF8*$!
{
	archiveVersion = 1;
	classes = {
	};
	objectVersion = 46;
	objects = {

/* Begin PBXBuildFile section */
		8B278BBC1D824A11001A7196 /* Networking.swift in Sources */ = {isa = PBXBuildFile; fileRef = 8B278BBB1D824A11001A7196 /* Networking.swift */; };
		8BAEB79C1D82491800663531 /* AppDelegate.swift in Sources */ = {isa = PBXBuildFile; fileRef = 8BAEB79B1D82491800663531 /* AppDelegate.swift */; };
		8BAEB79E1D82491800663531 /* ViewController.swift in Sources */ = {isa = PBXBuildFile; fileRef = 8BAEB79D1D82491800663531 /* ViewController.swift */; };
		8BAEB7A11D82491800663531 /* Main.storyboard in Resources */ = {isa = PBXBuildFile; fileRef = 8BAEB79F1D82491800663531 /* Main.storyboard */; };
		8BAEB7A31D82491800663531 /* Assets.xcassets in Resources */ = {isa = PBXBuildFile; fileRef = 8BAEB7A21D82491800663531 /* Assets.xcassets */; };
		8BAEB7A61D82491800663531 /* LaunchScreen.storyboard in Resources */ = {isa = PBXBuildFile; fileRef = 8BAEB7A41D82491800663531 /* LaunchScreen.storyboard */; };
		E46E962D303F695AF41B1305 /* Pods_ImagePicker.framework in Frameworks */ = {isa = PBXBuildFile; fileRef = 42F12577C98BD256B2CE98CE /* Pods_ImagePicker.framework */; };
/* End PBXBuildFile section */

/* Begin PBXFileReference section */
		42F12577C98BD256B2CE98CE /* Pods_ImagePicker.framework */ = {isa = PBXFileReference; explicitFileType = wrapper.framework; includeInIndex = 0; path = Pods_ImagePicker.framework; sourceTree = BUILT_PRODUCTS_DIR; };
		8B278BBB1D824A11001A7196 /* Networking.swift */ = {isa = PBXFileReference; fileEncoding = 4; lastKnownFileType = sourcecode.swift; path = Networking.swift; sourceTree = "<group>"; };
		8BAEB7981D82491800663531 /* ImagePicker.app */ = {isa = PBXFileReference; explicitFileType = wrapper.application; includeInIndex = 0; path = ImagePicker.app; sourceTree = BUILT_PRODUCTS_DIR; };
		8BAEB79B1D82491800663531 /* AppDelegate.swift */ = {isa = PBXFileReference; lastKnownFileType = sourcecode.swift; path = AppDelegate.swift; sourceTree = "<group>"; };
		8BAEB79D1D82491800663531 /* ViewController.swift */ = {isa = PBXFileReference; lastKnownFileType = sourcecode.swift; path = ViewController.swift; sourceTree = "<group>"; };
		8BAEB7A01D82491800663531 /* Base */ = {isa = PBXFileReference; lastKnownFileType = file.storyboard; name = Base; path = Base.lproj/Main.storyboard; sourceTree = "<group>"; };
		8BAEB7A21D82491800663531 /* Assets.xcassets */ = {isa = PBXFileReference; lastKnownFileType = folder.assetcatalog; path = Assets.xcassets; sourceTree = "<group>"; };
		8BAEB7A51D82491800663531 /* Base */ = {isa = PBXFileReference; lastKnownFileType = file.storyboard; name = Base; path = Base.lproj/LaunchScreen.storyboard; sourceTree = "<group>"; };
		8BAEB7A71D82491800663531 /* Info.plist */ = {isa = PBXFileReference; lastKnownFileType = text.plist.xml; path = Info.plist; sourceTree = "<group>"; };
		8D19E026B7F62D5426A40037 /* Pods-ImagePicker.release.xcconfig */ = {isa = PBXFileReference; includeInIndex = 1; lastKnownFileType = text.xcconfig; name = "Pods-ImagePicker.release.xcconfig"; path = "Pods/Target Support Files/Pods-ImagePicker/Pods-ImagePicker.release.xcconfig"; sourceTree = "<group>"; };
		F630F2658E47BB33B410DA06 /* Pods-ImagePicker.debug.xcconfig */ = {isa = PBXFileReference; includeInIndex = 1; lastKnownFileType = text.xcconfig; name = "Pods-ImagePicker.debug.xcconfig"; path = "Pods/Target Support Files/Pods-ImagePicker/Pods-ImagePicker.debug.xcconfig"; sourceTree = "<group>"; };
/* End PBXFileReference section */

/* Begin PBXFrameworksBuildPhase section */
		8BAEB7951D82491800663531 /* Frameworks */ = {
			isa = PBXFrameworksBuildPhase;
			buildActionMask = 2147483647;
			files = (
				E46E962D303F695AF41B1305 /* Pods_ImagePicker.framework in Frameworks */,
			);
			runOnlyForDeploymentPostprocessing = 0;
		};
/* End PBXFrameworksBuildPhase section */

/* Begin PBXGroup section */
		892ED017B720EF950B105BAB /* Frameworks */ = {
			isa = PBXGroup;
			children = (
				42F12577C98BD256B2CE98CE /* Pods_ImagePicker.framework */,
			);
			name = Frameworks;
			sourceTree = "<group>";
		};
		8BAEB78F1D82491800663531 = {
			isa = PBXGroup;
			children = (
				8BAEB79A1D82491800663531 /* ImagePicker */,
				8BAEB7991D82491800663531 /* Products */,
				E105DF82F4316A32C63EAA8E /* Pods */,
				892ED017B720EF950B105BAB /* Frameworks */,
			);
			sourceTree = "<group>";
		};
		8BAEB7991D82491800663531 /* Products */ = {
			isa = PBXGroup;
			children = (
				8BAEB7981D82491800663531 /* ImagePicker.app */,
			);
			name = Products;
			sourceTree = "<group>";
		};
		8BAEB79A1D82491800663531 /* ImagePicker */ = {
			isa = PBXGroup;
			children = (
				8BAEB79B1D82491800663531 /* AppDelegate.swift */,
				8BAEB79D1D82491800663531 /* ViewController.swift */,
				8B278BBB1D824A11001A7196 /* Networking.swift */,
				8BAEB79F1D82491800663531 /* Main.storyboard */,
				8BAEB7A21D82491800663531 /* Assets.xcassets */,
				8BAEB7A41D82491800663531 /* LaunchScreen.storyboard */,
				8BAEB7A71D82491800663531 /* Info.plist */,
			);
			path = ImagePicker;
			sourceTree = "<group>";
		};
		E105DF82F4316A32C63EAA8E /* Pods */ = {
			isa = PBXGroup;
			children = (
				F630F2658E47BB33B410DA06 /* Pods-ImagePicker.debug.xcconfig */,
				8D19E026B7F62D5426A40037 /* Pods-ImagePicker.release.xcconfig */,
			);
			name = Pods;
			sourceTree = "<group>";
		};
/* End PBXGroup section */

/* Begin PBXNativeTarget section */
		8BAEB7971D82491800663531 /* ImagePicker */ = {
			isa = PBXNativeTarget;
			buildConfigurationList = 8BAEB7AA1D82491800663531 /* Build configuration list for PBXNativeTarget "ImagePicker" */;
			buildPhases = (
				5841FD25E73C73B5AAE85681 /* [CP] Check Pods Manifest.lock */,
				8BAEB7941D82491800663531 /* Sources */,
				8BAEB7951D82491800663531 /* Frameworks */,
				8BAEB7961D82491800663531 /* Resources */,
				F54EF35815629FCB98727682 /* [CP] Embed Pods Frameworks */,
				B1161466BAADC2B29F005144 /* [CP] Copy Pods Resources */,
			);
			buildRules = (
			);
			dependencies = (
			);
			name = ImagePicker;
			productName = ImagePicker;
			productReference = 8BAEB7981D82491800663531 /* ImagePicker.app */;
			productType = "com.apple.product-type.application";
		};
/* End PBXNativeTarget section */

/* Begin PBXProject section */
		8BAEB7901D82491800663531 /* Project object */ = {
			isa = PBXProject;
			attributes = {
				LastSwiftUpdateCheck = 0730;
				LastUpgradeCheck = 0730;
				ORGANIZATIONNAME = "Lasha Efremidze";
				TargetAttributes = {
					8BAEB7971D82491800663531 = {
						CreatedOnToolsVersion = 7.3.1;
					};
				};
			};
			buildConfigurationList = 8BAEB7931D82491800663531 /* Build configuration list for PBXProject "ImagePicker" */;
			compatibilityVersion = "Xcode 3.2";
			developmentRegion = English;
			hasScannedForEncodings = 0;
			knownRegions = (
				en,
				Base,
			);
			mainGroup = 8BAEB78F1D82491800663531;
			productRefGroup = 8BAEB7991D82491800663531 /* Products */;
			projectDirPath = "";
			projectRoot = "";
			targets = (
				8BAEB7971D82491800663531 /* ImagePicker */,
			);
		};
/* End PBXProject section */

/* Begin PBXResourcesBuildPhase section */
		8BAEB7961D82491800663531 /* Resources */ = {
			isa = PBXResourcesBuildPhase;
			buildActionMask = 2147483647;
			files = (
				8BAEB7A61D82491800663531 /* LaunchScreen.storyboard in Resources */,
				8BAEB7A31D82491800663531 /* Assets.xcassets in Resources */,
				8BAEB7A11D82491800663531 /* Main.storyboard in Resources */,
			);
			runOnlyForDeploymentPostprocessing = 0;
		};
/* End PBXResourcesBuildPhase section */

/* Begin PBXShellScriptBuildPhase section */
		5841FD25E73C73B5AAE85681 /* [CP] Check Pods Manifest.lock */ = {
			isa = PBXShellScriptBuildPhase;
			buildActionMask = 2147483647;
			files = (
			);
			inputPaths = (
			);
			name = "[CP] Check Pods Manifest.lock";
			outputPaths = (
			);
			runOnlyForDeploymentPostprocessing = 0;
			shellPath = /bin/sh;
			shellScript = "diff \"${PODS_ROOT}/../Podfile.lock\" \"${PODS_ROOT}/Manifest.lock\" > /dev/null\nif [[ $? != 0 ]] ; then\n    cat << EOM\nerror: The sandbox is not in sync with the Podfile.lock. Run 'pod install' or update your CocoaPods installation.\nEOM\n    exit 1\nfi\n";
			showEnvVarsInLog = 0;
		};
		B1161466BAADC2B29F005144 /* [CP] Copy Pods Resources */ = {
			isa = PBXShellScriptBuildPhase;
			buildActionMask = 2147483647;
			files = (
			);
			inputPaths = (
			);
			name = "[CP] Copy Pods Resources";
			outputPaths = (
			);
			runOnlyForDeploymentPostprocessing = 0;
			shellPath = /bin/sh;
			shellScript = "\"${SRCROOT}/Pods/Target Support Files/Pods-ImagePicker/Pods-ImagePicker-resources.sh\"\n";
			showEnvVarsInLog = 0;
		};
		F54EF35815629FCB98727682 /* [CP] Embed Pods Frameworks */ = {
			isa = PBXShellScriptBuildPhase;
			buildActionMask = 2147483647;
			files = (
			);
			inputPaths = (
			);
			name = "[CP] Embed Pods Frameworks";
			outputPaths = (
			);
			runOnlyForDeploymentPostprocessing = 0;
			shellPath = /bin/sh;
			shellScript = "\"${SRCROOT}/Pods/Target Support Files/Pods-ImagePicker/Pods-ImagePicker-frameworks.sh\"\n";
			showEnvVarsInLog = 0;
		};
/* End PBXShellScriptBuildPhase section */

/* Begin PBXSourcesBuildPhase section */
		8BAEB7941D82491800663531 /* Sources */ = {
			isa = PBXSourcesBuildPhase;
			buildActionMask = 2147483647;
			files = (
				8B278BBC1D824A11001A7196 /* Networking.swift in Sources */,
				8BAEB79E1D82491800663531 /* ViewController.swift in Sources */,
				8BAEB79C1D82491800663531 /* AppDelegate.swift in Sources */,
			);
			runOnlyForDeploymentPostprocessing = 0;
		};
/* End PBXSourcesBuildPhase section */

/* Begin PBXVariantGroup section */
		8BAEB79F1D82491800663531 /* Main.storyboard */ = {
			isa = PBXVariantGroup;
			children = (
				8BAEB7A01D82491800663531 /* Base */,
			);
			name = Main.storyboard;
			sourceTree = "<group>";
		};
		8BAEB7A41D82491800663531 /* LaunchScreen.storyboard */ = {
			isa = PBXVariantGroup;
			children = (
				8BAEB7A51D82491800663531 /* Base */,
			);
			name = LaunchScreen.storyboard;
			sourceTree = "<group>";
		};
/* End PBXVariantGroup section */

/* Begin XCBuildConfiguration section */
		8BAEB7A81D82491800663531 /* Debug */ = {
			isa = XCBuildConfiguration;
			buildSettings = {
				ALWAYS_SEARCH_USER_PATHS = NO;
				CLANG_ANALYZER_NONNULL = YES;
				CLANG_CXX_LANGUAGE_STANDARD = "gnu++0x";
				CLANG_CXX_LIBRARY = "libc++";
				CLANG_ENABLE_MODULES = YES;
				CLANG_ENABLE_OBJC_ARC = YES;
				CLANG_WARN_BOOL_CONVERSION = YES;
				CLANG_WARN_CONSTANT_CONVERSION = YES;
				CLANG_WARN_DIRECT_OBJC_ISA_USAGE = YES_ERROR;
				CLANG_WARN_EMPTY_BODY = YES;
				CLANG_WARN_ENUM_CONVERSION = YES;
				CLANG_WARN_INT_CONVERSION = YES;
				CLANG_WARN_OBJC_ROOT_CLASS = YES_ERROR;
				CLANG_WARN_UNREACHABLE_CODE = YES;
				CLANG_WARN__DUPLICATE_METHOD_MATCH = YES;
				"CODE_SIGN_IDENTITY[sdk=iphoneos*]" = "iPhone Developer";
				COPY_PHASE_STRIP = NO;
				DEBUG_INFORMATION_FORMAT = dwarf;
				ENABLE_STRICT_OBJC_MSGSEND = YES;
				ENABLE_TESTABILITY = YES;
				GCC_C_LANGUAGE_STANDARD = gnu99;
				GCC_DYNAMIC_NO_PIC = NO;
				GCC_NO_COMMON_BLOCKS = YES;
				GCC_OPTIMIZATION_LEVEL = 0;
				GCC_PREPROCESSOR_DEFINITIONS = (
					"DEBUG=1",
					"$(inherited)",
				);
				GCC_WARN_64_TO_32_BIT_CONVERSION = YES;
				GCC_WARN_ABOUT_RETURN_TYPE = YES_ERROR;
				GCC_WARN_UNDECLARED_SELECTOR = YES;
				GCC_WARN_UNINITIALIZED_AUTOS = YES_AGGRESSIVE;
				GCC_WARN_UNUSED_FUNCTION = YES;
				GCC_WARN_UNUSED_VARIABLE = YES;
				IPHONEOS_DEPLOYMENT_TARGET = 9.3;
				MTL_ENABLE_DEBUG_INFO = YES;
				ONLY_ACTIVE_ARCH = YES;
				SDKROOT = iphoneos;
				SWIFT_OPTIMIZATION_LEVEL = "-Onone";
				TARGETED_DEVICE_FAMILY = "1,2";
			};
			name = Debug;
		};
		8BAEB7A91D82491800663531 /* Release */ = {
			isa = XCBuildConfiguration;
			buildSettings = {
				ALWAYS_SEARCH_USER_PATHS = NO;
				CLANG_ANALYZER_NONNULL = YES;
				CLANG_CXX_LANGUAGE_STANDARD = "gnu++0x";
				CLANG_CXX_LIBRARY = "libc++";
				CLANG_ENABLE_MODULES = YES;
				CLANG_ENABLE_OBJC_ARC = YES;
				CLANG_WARN_BOOL_CONVERSION = YES;
				CLANG_WARN_CONSTANT_CONVERSION = YES;
				CLANG_WARN_DIRECT_OBJC_ISA_USAGE = YES_ERROR;
				CLANG_WARN_EMPTY_BODY = YES;
				CLANG_WARN_ENUM_CONVERSION = YES;
				CLANG_WARN_INT_CONVERSION = YES;
				CLANG_WARN_OBJC_ROOT_CLASS = YES_ERROR;
				CLANG_WARN_UNREACHABLE_CODE = YES;
				CLANG_WARN__DUPLICATE_METHOD_MATCH = YES;
				"CODE_SIGN_IDENTITY[sdk=iphoneos*]" = "iPhone Developer";
				COPY_PHASE_STRIP = NO;
				DEBUG_INFORMATION_FORMAT = "dwarf-with-dsym";
				ENABLE_NS_ASSERTIONS = NO;
				ENABLE_STRICT_OBJC_MSGSEND = YES;
				GCC_C_LANGUAGE_STANDARD = gnu99;
				GCC_NO_COMMON_BLOCKS = YES;
				GCC_WARN_64_TO_32_BIT_CONVERSION = YES;
				GCC_WARN_ABOUT_RETURN_TYPE = YES_ERROR;
				GCC_WARN_UNDECLARED_SELECTOR = YES;
				GCC_WARN_UNINITIALIZED_AUTOS = YES_AGGRESSIVE;
				GCC_WARN_UNUSED_FUNCTION = YES;
				GCC_WARN_UNUSED_VARIABLE = YES;
				IPHONEOS_DEPLOYMENT_TARGET = 9.3;
				MTL_ENABLE_DEBUG_INFO = NO;
				SDKROOT = iphoneos;
				TARGETED_DEVICE_FAMILY = "1,2";
				VALIDATE_PRODUCT = YES;
			};
			name = Release;
		};
		8BAEB7AB1D82491800663531 /* Debug */ = {
			isa = XCBuildConfiguration;
			baseConfigurationReference = F630F2658E47BB33B410DA06 /* Pods-ImagePicker.debug.xcconfig */;
			buildSettings = {
				ASSETCATALOG_COMPILER_APPICON_NAME = AppIcon;
				INFOPLIST_FILE = ImagePicker/Info.plist;
				LD_RUNPATH_SEARCH_PATHS = "$(inherited) @executable_path/Frameworks";
				PRODUCT_BUNDLE_IDENTIFIER = com.efremidze.ImagePicker;
				PRODUCT_NAME = "$(TARGET_NAME)";
			};
			name = Debug;
		};
		8BAEB7AC1D82491800663531 /* Release */ = {
			isa = XCBuildConfiguration;
			baseConfigurationReference = 8D19E026B7F62D5426A40037 /* Pods-ImagePicker.release.xcconfig */;
			buildSettings = {
				ASSETCATALOG_COMPILER_APPICON_NAME = AppIcon;
				INFOPLIST_FILE = ImagePicker/Info.plist;
				LD_RUNPATH_SEARCH_PATHS = "$(inherited) @executable_path/Frameworks";
				PRODUCT_BUNDLE_IDENTIFIER = com.efremidze.ImagePicker;
				PRODUCT_NAME = "$(TARGET_NAME)";
			};
			name = Release;
		};
/* End XCBuildConfiguration section */

/* Begin XCConfigurationList section */
		8BAEB7931D82491800663531 /* Build configuration list for PBXProject "ImagePicker" */ = {
			isa = XCConfigurationList;
			buildConfigurations = (
				8BAEB7A81D82491800663531 /* Debug */,
				8BAEB7A91D82491800663531 /* Release */,
			);
			defaultConfigurationIsVisible = 0;
			defaultConfigurationName = Release;
		};
		8BAEB7AA1D82491800663531 /* Build configuration list for PBXNativeTarget "ImagePicker" */ = {
			isa = XCConfigurationList;
			buildConfigurations = (
				8BAEB7AB1D82491800663531 /* Debug */,
				8BAEB7AC1D82491800663531 /* Release */,
			);
			defaultConfigurationIsVisible = 0;
			defaultConfigurationName = Release;
		};
/* End XCConfigurationList section */
	};
	rootObject = 8BAEB7901D82491800663531 /* Project object */;
}
